
Microsoft Visual Studio Solution File, Format Version 12.00
# Visual Studio Version 17
VisualStudioVersion = 17.9.34622.214
MinimumVisualStudioVersion = 10.0.40219.1
Project("{9A19103F-16F7-4668-BE54-9A1E7A4F7556}") = "MilkyProject.WebApi", "MilkyProject.WebApi\MilkyProject.WebApi.csproj", "{967A37BF-BA14-43DF-A4D2-8FF6BA743359}"
EndProject
Project("{9A19103F-16F7-4668-BE54-9A1E7A4F7556}") = "MilkyProject.EntityLayer", "MilkProject.EntityLayer\MilkyProject.EntityLayer.csproj", "{DA2A0C22-3D33-4135-B084-E0597B0E4432}"
EndProject
Project("{9A19103F-16F7-4668-BE54-9A1E7A4F7556}") = "MilkyProject.DataAccessLayer", "MilkyProject.DataAccessLayer\MilkyProject.DataAccessLayer.csproj", "{985F570A-2B6B-4925-A516-6EF760CBCEDE}"
EndProject
Project("{9A19103F-16F7-4668-BE54-9A1E7A4F7556}") = "MilkyProject.BusinessLayer", "MilkProject.BusinessLayer\MilkyProject.BusinessLayer.csproj", "{87BE47EB-187E-4D92-B119-9ED005EF02E2}"
EndProject
Project("{9A19103F-16F7-4668-BE54-9A1E7A4F7556}") = "MilkyProject.DtoLayer", "MilkyProject.DtoLayer\MilkyProject.DtoLayer.csproj", "{EADCBC7A-AA89-4806-94A4-9BB2D3C38C0C}"
EndProject
Project("{9A19103F-16F7-4668-BE54-9A1E7A4F7556}") = "MilkyProject.WebUI", "MilkyProject.WebUI\MilkyProject.WebUI.csproj", "{6E541925-0FDF-4A23-988E-036AB4E5176D}"
EndProject
Global
	GlobalSection(SolutionConfigurationPlatforms) = preSolution
		Debug|Any CPU = Debug|Any CPU
		Release|Any CPU = Release|Any CPU
	EndGlobalSection
	GlobalSection(ProjectConfigurationPlatforms) = postSolution
		{967A37BF-BA14-43DF-A4D2-8FF6BA743359}.Debug|Any CPU.ActiveCfg = Debug|Any CPU
		{967A37BF-BA14-43DF-A4D2-8FF6BA743359}.Debug|Any CPU.Build.0 = Debug|Any CPU
		{967A37BF-BA14-43DF-A4D2-8FF6BA743359}.Release|Any CPU.ActiveCfg = Release|Any CPU
		{967A37BF-BA14-43DF-A4D2-8FF6BA743359}.Release|Any CPU.Build.0 = Release|Any CPU
		{DA2A0C22-3D33-4135-B084-E0597B0E4432}.Debug|Any CPU.ActiveCfg = Debug|Any CPU
		{DA2A0C22-3D33-4135-B084-E0597B0E4432}.Debug|Any CPU.Build.0 = Debug|Any CPU
		{DA2A0C22-3D33-4135-B084-E0597B0E4432}.Release|Any CPU.ActiveCfg = Release|Any CPU
		{DA2A0C22-3D33-4135-B084-E0597B0E4432}.Release|Any CPU.Build.0 = Release|Any CPU
		{985F570A-2B6B-4925-A516-6EF760CBCEDE}.Debug|Any CPU.ActiveCfg = Debug|Any CPU
		{985F570A-2B6B-4925-A516-6EF760CBCEDE}.Debug|Any CPU.Build.0 = Debug|Any CPU
		{985F570A-2B6B-4925-A516-6EF760CBCEDE}.Release|Any CPU.ActiveCfg = Release|Any CPU
		{985F570A-2B6B-4925-A516-6EF760CBCEDE}.Release|Any CPU.Build.0 = Release|Any CPU
		{87BE47EB-187E-4D92-B119-9ED005EF02E2}.Debug|Any CPU.ActiveCfg = Debug|Any CPU
		{87BE47EB-187E-4D92-B119-9ED005EF02E2}.Debug|Any CPU.Build.0 = Debug|Any CPU
		{87BE47EB-187E-4D92-B119-9ED005EF02E2}.Release|Any CPU.ActiveCfg = Release|Any CPU
		{87BE47EB-187E-4D92-B119-9ED005EF02E2}.Release|Any CPU.Build.0 = Release|Any CPU
		{EADCBC7A-AA89-4806-94A4-9BB2D3C38C0C}.Debug|Any CPU.ActiveCfg = Debug|Any CPU
		{EADCBC7A-AA89-4806-94A4-9BB2D3C38C0C}.Debug|Any CPU.Build.0 = Debug|Any CPU
		{EADCBC7A-AA89-4806-94A4-9BB2D3C38C0C}.Release|Any CPU.ActiveCfg = Release|Any CPU
		{EADCBC7A-AA89-4806-94A4-9BB2D3C38C0C}.Release|Any CPU.Build.0 = Release|Any CPU
		{6E541925-0FDF-4A23-988E-036AB4E5176D}.Debug|Any CPU.ActiveCfg = Debug|Any CPU
		{6E541925-0FDF-4A23-988E-036AB4E5176D}.Debug|Any CPU.Build.0 = Debug|Any CPU
		{6E541925-0FDF-4A23-988E-036AB4E5176D}.Release|Any CPU.ActiveCfg = Release|Any CPU
		{6E541925-0FDF-4A23-988E-036AB4E5176D}.Release|Any CPU.Build.0 = Release|Any CPU
	EndGlobalSection
	GlobalSection(SolutionProperties) = preSolution
		HideSolutionNode = FALSE
	EndGlobalSection
	GlobalSection(ExtensibilityGlobals) = postSolution
		SolutionGuid = {E805238C-71F9-4717-A8EE-CC11122C345D}
	EndGlobalSection
EndGlobal
